<?xml version="1.0" encoding="utf-8"?>
<Project ToolsVersion="4.0" xmlns="http://schemas.microsoft.com/developer/msbuild/2003">
  <ItemGroup>
    <Filter Include="Argonex">
      <UniqueIdentifier>{79BDBBA0-E59C-3A3C-EEB4-C5125A13A19D}</UniqueIdentifier>
    </Filter>
  </ItemGroup>
  <ItemGroup>
    <ClInclude Include="src\Argonex.h" />
    <ClInclude Include="src\Argonex\Application.h">
      <Filter>Argonex</Filter>
    </ClInclude>
    <ClInclude Include="src\Argonex\Core.h">
      <Filter>Argonex</Filter>
    </ClInclude>
    <ClInclude Include="src\Argonex\Entrypoint.h">
      <Filter>Argonex</Filter>
    </ClInclude>
    <ClInclude Include="src\Argonex\Log.h">
      <Filter>Argonex</Filter>
    </ClInclude>
  </ItemGroup>
  <ItemGroup>
    <ClCompile Include="src\Argonex\Application.cpp">
      <Filter>Argonex</Filter>
    </ClCompile>
    <ClCompile Include="src\Argonex\Log.cpp">
      <Filter>Argonex</Filter>
    </ClCompile>
  </ItemGroup>
</Project>